
Microsoft Visual Studio Solution File, Format Version 12.00
# Visual Studio 15
VisualStudioVersion = 15.0.28010.0
MinimumVisualStudioVersion = 10.0.40219.1
Project("{9A19103F-16F7-4668-BE54-9A1E7A4F7556}") = "WebShopMVC", "WebShopMVC\WebShopMVC.csproj", "{9CAA8658-42CF-4AF7-A846-F303A955E20E}"
EndProject
Project("{9A19103F-16F7-4668-BE54-9A1E7A4F7556}") = "WebShopReact", "WebShopReact\WebShopReact.csproj", "{4903E622-2510-4920-96CA-0AC73EBDDBF9}"
EndProject
Global
	GlobalSection(SolutionConfigurationPlatforms) = preSolution
		Debug|Any CPU = Debug|Any CPU
		Release|Any CPU = Release|Any CPU
	EndGlobalSection
	GlobalSection(ProjectConfigurationPlatforms) = postSolution
		{9CAA8658-42CF-4AF7-A846-F303A955E20E}.Debug|Any CPU.ActiveCfg = Debug|Any CPU
		{9CAA8658-42CF-4AF7-A846-F303A955E20E}.Debug|Any CPU.Build.0 = Debug|Any CPU
		{9CAA8658-42CF-4AF7-A846-F303A955E20E}.Release|Any CPU.ActiveCfg = Release|Any CPU
		{9CAA8658-42CF-4AF7-A846-F303A955E20E}.Release|Any CPU.Build.0 = Release|Any CPU
		{4903E622-2510-4920-96CA-0AC73EBDDBF9}.Debug|Any CPU.ActiveCfg = Debug|Any CPU
		{4903E622-2510-4920-96CA-0AC73EBDDBF9}.Debug|Any CPU.Build.0 = Debug|Any CPU
		{4903E622-2510-4920-96CA-0AC73EBDDBF9}.Release|Any CPU.ActiveCfg = Release|Any CPU
		{4903E622-2510-4920-96CA-0AC73EBDDBF9}.Release|Any CPU.Build.0 = Release|Any CPU
	EndGlobalSection
	GlobalSection(SolutionProperties) = preSolution
		HideSolutionNode = FALSE
	EndGlobalSection
	GlobalSection(ExtensibilityGlobals) = postSolution
		SolutionGuid = {8CB71453-A6C0-487B-8D48-A8E848AE15D4}
	EndGlobalSection
EndGlobal
